// !$*UTF8*$!
{
	archiveVersion = 1;
	classes = {
	};
	objectVersion = 77;
	objects = {

/* Begin PBXBuildFile section */
		05EDCEDBEF4C024F981312E2 /* InterVariable.ttf in Resources */ = {isa = PBXBuildFile; fileRef = C60B591D585995CB7097A0DC /* InterVariable.ttf */; };
		08925AC1A04AD08FF0C8383B /* VoiceRecordingIntents.swift in Sources */ = {isa = PBXBuildFile; fileRef = 944CFC55C63C67A7EC1BBC58 /* VoiceRecordingIntents.swift */; };
		23117D5233A97DD99B42A62E /* Assets.xcassets in Resources */ = {isa = PBXBuildFile; fileRef = F152EE3E8A4F7205FF247D87 /* Assets.xcassets */; };
		262D29CF7CAA3118EBB12F92 /* HunchApp.swift in Sources */ = {isa = PBXBuildFile; fileRef = 4EDE9175735C2BEE33F669B6 /* HunchApp.swift */; };
		3EEA45994B20513A94C2EF04 /* FontRegistration.swift in Sources */ = {isa = PBXBuildFile; fileRef = 5F377A4E9DAA12643BB2666D /* FontRegistration.swift */; };
		7047AECA135A40E7543D2CAC /* HunchDragAndDropUITests.swift in Sources */ = {isa = PBXBuildFile; fileRef = 9221CD2529F8914B14AA5D9E /* HunchDragAndDropUITests.swift */; };
		7C8E5BD992CE032FCAC3E4E9 /* UI in Frameworks */ = {isa = PBXBuildFile; productRef = 545E46165FC5B96E32F8FE8E /* UI */; };
		96052357A5A3DF167EBAEFE7 /* ContentView.swift in Sources */ = {isa = PBXBuildFile; fileRef = 1D68ED38B354E02D3C714C9F /* ContentView.swift */; };
		D474865E25285B0A3054E20C /* Core in Frameworks */ = {isa = PBXBuildFile; productRef = 589E44CBD4B5B677C9566C0F /* Core */; };
/* End PBXBuildFile section */

/* Begin PBXContainerItemProxy section */
		0EDDB2F84AB10F6519CA2938 /* PBXContainerItemProxy */ = {
			isa = PBXContainerItemProxy;
			containerPortal = 6E04D18B906E13340AE2F265 /* Project object */;
			proxyType = 1;
			remoteGlobalIDString = EA439CA94C2462C384578168;
			remoteInfo = Hunch;
		};
/* End PBXContainerItemProxy section */

/* Begin PBXFileReference section */
		1D68ED38B354E02D3C714C9F /* ContentView.swift */ = {isa = PBXFileReference; lastKnownFileType = sourcecode.swift; path = ContentView.swift; sourceTree = "<group>"; };
		4EDE9175735C2BEE33F669B6 /* HunchApp.swift */ = {isa = PBXFileReference; lastKnownFileType = sourcecode.swift; path = HunchApp.swift; sourceTree = "<group>"; };
		51C57C9FC8CC88C9BF793B6C /* Core */ = {isa = PBXFileReference; lastKnownFileType = folder; name = Core; path = Packages/Core; sourceTree = SOURCE_ROOT; };
		585432613FC8E2481EE964A5 /* UI */ = {isa = PBXFileReference; lastKnownFileType = folder; name = UI; path = Packages/UI; sourceTree = SOURCE_ROOT; };
		5F377A4E9DAA12643BB2666D /* FontRegistration.swift */ = {isa = PBXFileReference; lastKnownFileType = sourcecode.swift; path = FontRegistration.swift; sourceTree = "<group>"; };
		9221CD2529F8914B14AA5D9E /* HunchDragAndDropUITests.swift */ = {isa = PBXFileReference; lastKnownFileType = sourcecode.swift; path = HunchDragAndDropUITests.swift; sourceTree = "<group>"; };
		944CFC55C63C67A7EC1BBC58 /* VoiceRecordingIntents.swift */ = {isa = PBXFileReference; lastKnownFileType = sourcecode.swift; path = VoiceRecordingIntents.swift; sourceTree = "<group>"; };
		C60B591D585995CB7097A0DC /* InterVariable.ttf */ = {isa = PBXFileReference; lastKnownFileType = file; path = InterVariable.ttf; sourceTree = "<group>"; };
		CAD5ADE397DACEA1B4A26BE8 /* Hunch.app */ = {isa = PBXFileReference; includeInIndex = 0; lastKnownFileType = wrapper.application; path = Hunch.app; sourceTree = BUILT_PRODUCTS_DIR; };
		D954BA2A1FAF2CB0B575371F /* HunchUITests.xctest */ = {isa = PBXFileReference; includeInIndex = 0; lastKnownFileType = wrapper.cfbundle; path = HunchUITests.xctest; sourceTree = BUILT_PRODUCTS_DIR; };
		F152EE3E8A4F7205FF247D87 /* Assets.xcassets */ = {isa = PBXFileReference; lastKnownFileType = folder.assetcatalog; path = Assets.xcassets; sourceTree = "<group>"; };
/* End PBXFileReference section */

/* Begin PBXFrameworksBuildPhase section */
		530D1846BE0D38DCE03C5871 /* Frameworks */ = {
			isa = PBXFrameworksBuildPhase;
			buildActionMask = 2147483647;
			files = (
				D474865E25285B0A3054E20C /* Core in Frameworks */,
				7C8E5BD992CE032FCAC3E4E9 /* UI in Frameworks */,
			);
			runOnlyForDeploymentPostprocessing = 0;
		};
/* End PBXFrameworksBuildPhase section */

/* Begin PBXGroup section */
		154CE5820956BD4B16F03FB7 /* Fonts */ = {
			isa = PBXGroup;
			children = (
				C60B591D585995CB7097A0DC /* InterVariable.ttf */,
			);
			path = Fonts;
			sourceTree = "<group>";
		};
		2EC8AA975A1550CA885671E2 /* App */ = {
			isa = PBXGroup;
			children = (
				CF7C6A9DCE6670109F8E0FD3 /* Resources */,
				DE04D8A7CF0399DB585C00F0 /* Sources */,
				BB06989CF639A9718BA05F49 /* UITests */,
			);
			path = App;
			sourceTree = "<group>";
		};
		45052CB1F3C2EF60EC156E3F /* Packages */ = {
			isa = PBXGroup;
			children = (
				51C57C9FC8CC88C9BF793B6C /* Core */,
				585432613FC8E2481EE964A5 /* UI */,
			);
			path = Packages;
			sourceTree = "<group>";
		};
		AE7FCC9B148E4A8C802B7877 /* Products */ = {
			isa = PBXGroup;
			children = (
				CAD5ADE397DACEA1B4A26BE8 /* Hunch.app */,
				D954BA2A1FAF2CB0B575371F /* HunchUITests.xctest */,
			);
			name = Products;
			sourceTree = "<group>";
		};
		AF1CA979945882445ECFBEA1 = {
			isa = PBXGroup;
			children = (
				2EC8AA975A1550CA885671E2 /* App */,
				45052CB1F3C2EF60EC156E3F /* Packages */,
				AE7FCC9B148E4A8C802B7877 /* Products */,
			);
			sourceTree = "<group>";
		};
		BB06989CF639A9718BA05F49 /* UITests */ = {
			isa = PBXGroup;
			children = (
				9221CD2529F8914B14AA5D9E /* HunchDragAndDropUITests.swift */,
			);
			path = UITests;
			sourceTree = "<group>";
		};
		CF7C6A9DCE6670109F8E0FD3 /* Resources */ = {
			isa = PBXGroup;
			children = (
				154CE5820956BD4B16F03FB7 /* Fonts */,
				F152EE3E8A4F7205FF247D87 /* Assets.xcassets */,
			);
			path = Resources;
			sourceTree = "<group>";
		};
		DE04D8A7CF0399DB585C00F0 /* Sources */ = {
			isa = PBXGroup;
			children = (
				1D68ED38B354E02D3C714C9F /* ContentView.swift */,
				5F377A4E9DAA12643BB2666D /* FontRegistration.swift */,
				4EDE9175735C2BEE33F669B6 /* HunchApp.swift */,
				944CFC55C63C67A7EC1BBC58 /* VoiceRecordingIntents.swift */,
			);
			path = Sources;
			sourceTree = "<group>";
		};
/* End PBXGroup section */

/* Begin PBXNativeTarget section */
		2003E0B6FF71666C85143D2D /* HunchUITests */ = {
			isa = PBXNativeTarget;
			buildConfigurationList = C33193AB62C20E99F0F43AED /* Build configuration list for PBXNativeTarget "HunchUITests" */;
			buildPhases = (
				4B7980CDD49EE3BCE441D862 /* Sources */,
			);
			buildRules = (
			);
			dependencies = (
				7034BEC21E2AB75D5777E406 /* PBXTargetDependency */,
			);
			name = HunchUITests;
			packageProductDependencies = (
			);
			productName = HunchUITests;
			productReference = D954BA2A1FAF2CB0B575371F /* HunchUITests.xctest */;
			productType = "com.apple.product-type.bundle.ui-testing";
		};
		EA439CA94C2462C384578168 /* Hunch */ = {
			isa = PBXNativeTarget;
			buildConfigurationList = 5F60981101E098C42B3EFA94 /* Build configuration list for PBXNativeTarget "Hunch" */;
			buildPhases = (
				16D06E0363CF8C7A41B239BC /* Sources */,
				E1C28282EEFE992C2DF070AB /* Resources */,
				530D1846BE0D38DCE03C5871 /* Frameworks */,
				FDC2C39F8C58DADC5BDE2C1C /* Install to ~/Applications (macOS only) */,
			);
			buildRules = (
			);
			dependencies = (
			);
			name = Hunch;
			packageProductDependencies = (
				589E44CBD4B5B677C9566C0F /* Core */,
				545E46165FC5B96E32F8FE8E /* UI */,
			);
			productName = Hunch;
			productReference = CAD5ADE397DACEA1B4A26BE8 /* Hunch.app */;
			productType = "com.apple.product-type.application";
		};
/* End PBXNativeTarget section */

/* Begin PBXProject section */
		6E04D18B906E13340AE2F265 /* Project object */ = {
			isa = PBXProject;
			attributes = {
				BuildIndependentTargetsInParallel = YES;
				LastUpgradeCheck = 1430;
				TargetAttributes = {
					2003E0B6FF71666C85143D2D = {
						DevelopmentTeam = B7P78ULCXS;
						ProvisioningStyle = Automatic;
						TestTargetID = EA439CA94C2462C384578168;
					};
					EA439CA94C2462C384578168 = {
						DevelopmentTeam = B7P78ULCXS;
						ProvisioningStyle = Automatic;
					};
				};
			};
			buildConfigurationList = DF5599669CAD99CC54218125 /* Build configuration list for PBXProject "Hunch" */;
			developmentRegion = en;
			hasScannedForEncodings = 0;
			knownRegions = (
				Base,
				en,
			);
			mainGroup = AF1CA979945882445ECFBEA1;
			minimizedProjectReferenceProxies = 1;
			packageReferences = (
				C4FD6D01E6FA7CE0D3F46F88 /* XCLocalSwiftPackageReference "Packages/Core" */,
				114029D6BDE83A65F725A214 /* XCLocalSwiftPackageReference "Packages/UI" */,
			);
			preferredProjectObjectVersion = 77;
			productRefGroup = AE7FCC9B148E4A8C802B7877 /* Products */;
			projectDirPath = "";
			projectRoot = "";
			targets = (
				EA439CA94C2462C384578168 /* Hunch */,
				2003E0B6FF71666C85143D2D /* HunchUITests */,
			);
		};
/* End PBXProject section */

/* Begin PBXResourcesBuildPhase section */
		E1C28282EEFE992C2DF070AB /* Resources */ = {
			isa = PBXResourcesBuildPhase;
			buildActionMask = 2147483647;
			files = (
				23117D5233A97DD99B42A62E /* Assets.xcassets in Resources */,
				05EDCEDBEF4C024F981312E2 /* InterVariable.ttf in Resources */,
			);
			runOnlyForDeploymentPostprocessing = 0;
		};
/* End PBXResourcesBuildPhase section */

/* Begin PBXShellScriptBuildPhase section */
		FDC2C39F8C58DADC5BDE2C1C /* Install to ~/Applications (macOS only) */ = {
			isa = PBXShellScriptBuildPhase;
			alwaysOutOfDate = 1;
			buildActionMask = 2147483647;
			files = (
			);
			inputFileListPaths = (
			);
			inputPaths = (
			);
			name = "Install to ~/Applications (macOS only)";
			outputFileListPaths = (
			);
			outputPaths = (
			);
			runOnlyForDeploymentPostprocessing = 0;
			shellPath = /bin/sh;
			shellScript = "if [ \"$PLATFORM_NAME\" != \"macosx\" ]; then\n    exit 0\nfi\nDEST=\"$HOME/Applications/Hunch.app\"\nmkdir -p \"$HOME/Applications\"\nrm -rf \"$DEST\"\ncp -R \"$BUILT_PRODUCTS_DIR/$PRODUCT_NAME.app\" \"$DEST\"\n";
		};
/* End PBXShellScriptBuildPhase section */

/* Begin PBXSourcesBuildPhase section */
		16D06E0363CF8C7A41B239BC /* Sources */ = {
			isa = PBXSourcesBuildPhase;
			buildActionMask = 2147483647;
			files = (
				96052357A5A3DF167EBAEFE7 /* ContentView.swift in Sources */,
				3EEA45994B20513A94C2EF04 /* FontRegistration.swift in Sources */,
				262D29CF7CAA3118EBB12F92 /* HunchApp.swift in Sources */,
				08925AC1A04AD08FF0C8383B /* VoiceRecordingIntents.swift in Sources */,
			);
			runOnlyForDeploymentPostprocessing = 0;
		};
		4B7980CDD49EE3BCE441D862 /* Sources */ = {
			isa = PBXSourcesBuildPhase;
			buildActionMask = 2147483647;
			files = (
				7047AECA135A40E7543D2CAC /* HunchDragAndDropUITests.swift in Sources */,
			);
			runOnlyForDeploymentPostprocessing = 0;
		};
/* End PBXSourcesBuildPhase section */

/* Begin PBXTargetDependency section */
		7034BEC21E2AB75D5777E406 /* PBXTargetDependency */ = {
			isa = PBXTargetDependency;
			target = EA439CA94C2462C384578168 /* Hunch */;
			targetProxy = 0EDDB2F84AB10F6519CA2938 /* PBXContainerItemProxy */;
		};
/* End PBXTargetDependency section */

/* Begin XCBuildConfiguration section */
		056E6F11353A2BA252E8E308 /* Debug */ = {
			isa = XCBuildConfiguration;
			buildSettings = {
				ALWAYS_SEARCH_USER_PATHS = NO;
				CLANG_ANALYZER_NONNULL = YES;
				CLANG_ANALYZER_NUMBER_OBJECT_CONVERSION = YES_AGGRESSIVE;
				CLANG_CXX_LANGUAGE_STANDARD = "gnu++14";
				CLANG_CXX_LIBRARY = "libc++";
				CLANG_ENABLE_MODULES = YES;
				CLANG_ENABLE_OBJC_ARC = YES;
				CLANG_ENABLE_OBJC_WEAK = YES;
				CLANG_WARN_BLOCK_CAPTURE_AUTORELEASING = YES;
				CLANG_WARN_BOOL_CONVERSION = YES;
				CLANG_WARN_COMMA = YES;
				CLANG_WARN_CONSTANT_CONVERSION = YES;
				CLANG_WARN_DEPRECATED_OBJC_IMPLEMENTATIONS = YES;
				CLANG_WARN_DIRECT_OBJC_ISA_USAGE = YES_ERROR;
				CLANG_WARN_DOCUMENTATION_COMMENTS = YES;
				CLANG_WARN_EMPTY_BODY = YES;
				CLANG_WARN_ENUM_CONVERSION = YES;
				CLANG_WARN_INFINITE_RECURSION = YES;
				CLANG_WARN_INT_CONVERSION = YES;
				CLANG_WARN_NON_LITERAL_NULL_CONVERSION = YES;
				CLANG_WARN_OBJC_IMPLICIT_RETAIN_SELF = YES;
				CLANG_WARN_OBJC_LITERAL_CONVERSION = YES;
				CLANG_WARN_OBJC_ROOT_CLASS = YES_ERROR;
				CLANG_WARN_QUOTED_INCLUDE_IN_FRAMEWORK_HEADER = YES;
				CLANG_WARN_RANGE_LOOP_ANALYSIS = YES;
				CLANG_WARN_STRICT_PROTOTYPES = YES;
				CLANG_WARN_SUSPICIOUS_MOVE = YES;
				CLANG_WARN_UNGUARDED_AVAILABILITY = YES_AGGRESSIVE;
				CLANG_WARN_UNREACHABLE_CODE = YES;
				CLANG_WARN__DUPLICATE_METHOD_MATCH = YES;
				CODE_SIGNING_ALLOWED = YES;
				CODE_SIGNING_REQUIRED = YES;
				CODE_SIGN_IDENTITY = "Apple Development";
				CODE_SIGN_STYLE = Automatic;
				COPY_PHASE_STRIP = NO;
				DEBUG_INFORMATION_FORMAT = dwarf;
				DEVELOPMENT_TEAM = B7P78ULCXS;
				ENABLE_STRICT_OBJC_MSGSEND = YES;
				ENABLE_TESTABILITY = YES;
				ENABLE_USER_SCRIPT_SANDBOXING = YES;
				GCC_C_LANGUAGE_STANDARD = gnu11;
				GCC_DYNAMIC_NO_PIC = NO;
				GCC_NO_COMMON_BLOCKS = YES;
				GCC_OPTIMIZATION_LEVEL = 0;
				GCC_PREPROCESSOR_DEFINITIONS = (
					"$(inherited)",
					"DEBUG=1",
				);
				GCC_WARN_64_TO_32_BIT_CONVERSION = YES;
				GCC_WARN_ABOUT_RETURN_TYPE = YES_ERROR;
				GCC_WARN_UNDECLARED_SELECTOR = YES;
				GCC_WARN_UNINITIALIZED_AUTOS = YES_AGGRESSIVE;
				GCC_WARN_UNUSED_FUNCTION = YES;
				GCC_WARN_UNUSED_VARIABLE = YES;
				IPHONEOS_DEPLOYMENT_TARGET = 26.0;
				MACOSX_DEPLOYMENT_TARGET = 26.0;
				MTL_ENABLE_DEBUG_INFO = INCLUDE_SOURCE;
				MTL_FAST_MATH = YES;
				ONLY_ACTIVE_ARCH = YES;
				PRODUCT_NAME = "$(TARGET_NAME)";
				SWIFT_ACTIVE_COMPILATION_CONDITIONS = DEBUG;
				SWIFT_OPTIMIZATION_LEVEL = "-Onone";
				SWIFT_STRICT_CONCURRENCY = complete;
				SWIFT_VERSION = 6.0;
			};
			name = Debug;
		};
		5516B4E8474B8986F8C4E87B /* Release */ = {
			isa = XCBuildConfiguration;
			buildSettings = {
				ALWAYS_SEARCH_USER_PATHS = NO;
				CLANG_ANALYZER_NONNULL = YES;
				CLANG_ANALYZER_NUMBER_OBJECT_CONVERSION = YES_AGGRESSIVE;
				CLANG_CXX_LANGUAGE_STANDARD = "gnu++14";
				CLANG_CXX_LIBRARY = "libc++";
				CLANG_ENABLE_MODULES = YES;
				CLANG_ENABLE_OBJC_ARC = YES;
				CLANG_ENABLE_OBJC_WEAK = YES;
				CLANG_WARN_BLOCK_CAPTURE_AUTORELEASING = YES;
				CLANG_WARN_BOOL_CONVERSION = YES;
				CLANG_WARN_COMMA = YES;
				CLANG_WARN_CONSTANT_CONVERSION = YES;
				CLANG_WARN_DEPRECATED_OBJC_IMPLEMENTATIONS = YES;
				CLANG_WARN_DIRECT_OBJC_ISA_USAGE = YES_ERROR;
				CLANG_WARN_DOCUMENTATION_COMMENTS = YES;
				CLANG_WARN_EMPTY_BODY = YES;
				CLANG_WARN_ENUM_CONVERSION = YES;
				CLANG_WARN_INFINITE_RECURSION = YES;
				CLANG_WARN_INT_CONVERSION = YES;
				CLANG_WARN_NON_LITERAL_NULL_CONVERSION = YES;
				CLANG_WARN_OBJC_IMPLICIT_RETAIN_SELF = YES;
				CLANG_WARN_OBJC_LITERAL_CONVERSION = YES;
				CLANG_WARN_OBJC_ROOT_CLASS = YES_ERROR;
				CLANG_WARN_QUOTED_INCLUDE_IN_FRAMEWORK_HEADER = YES;
				CLANG_WARN_RANGE_LOOP_ANALYSIS = YES;
				CLANG_WARN_STRICT_PROTOTYPES = YES;
				CLANG_WARN_SUSPICIOUS_MOVE = YES;
				CLANG_WARN_UNGUARDED_AVAILABILITY = YES_AGGRESSIVE;
				CLANG_WARN_UNREACHABLE_CODE = YES;
				CLANG_WARN__DUPLICATE_METHOD_MATCH = YES;
				CODE_SIGNING_ALLOWED = YES;
				CODE_SIGNING_REQUIRED = YES;
				CODE_SIGN_IDENTITY = "Apple Development";
				CODE_SIGN_STYLE = Automatic;
				COPY_PHASE_STRIP = NO;
				DEBUG_INFORMATION_FORMAT = "dwarf-with-dsym";
				DEVELOPMENT_TEAM = B7P78ULCXS;
				ENABLE_NS_ASSERTIONS = NO;
				ENABLE_STRICT_OBJC_MSGSEND = YES;
				ENABLE_USER_SCRIPT_SANDBOXING = YES;
				GCC_C_LANGUAGE_STANDARD = gnu11;
				GCC_NO_COMMON_BLOCKS = YES;
				GCC_WARN_64_TO_32_BIT_CONVERSION = YES;
				GCC_WARN_ABOUT_RETURN_TYPE = YES_ERROR;
				GCC_WARN_UNDECLARED_SELECTOR = YES;
				GCC_WARN_UNINITIALIZED_AUTOS = YES_AGGRESSIVE;
				GCC_WARN_UNUSED_FUNCTION = YES;
				GCC_WARN_UNUSED_VARIABLE = YES;
				IPHONEOS_DEPLOYMENT_TARGET = 26.0;
				MACOSX_DEPLOYMENT_TARGET = 26.0;
				MTL_ENABLE_DEBUG_INFO = NO;
				MTL_FAST_MATH = YES;
				PRODUCT_NAME = "$(TARGET_NAME)";
				SWIFT_COMPILATION_MODE = wholemodule;
				SWIFT_OPTIMIZATION_LEVEL = "-O";
				SWIFT_STRICT_CONCURRENCY = complete;
				SWIFT_VERSION = 6.0;
			};
			name = Release;
		};
		5A0B19B5243438DBD1D95155 /* Debug */ = {
			isa = XCBuildConfiguration;
			buildSettings = {
				BUNDLE_LOADER = "$(TEST_HOST)";
				GENERATE_INFOPLIST_FILE = YES;
				LD_RUNPATH_SEARCH_PATHS = (
					"$(inherited)",
					"@executable_path/Frameworks",
					"@loader_path/Frameworks",
				);
				PRODUCT_BUNDLE_IDENTIFIER = com.joeedelman.console.uitests;
				SDKROOT = iphoneos;
				TARGETED_DEVICE_FAMILY = "1,2";
				TEST_TARGET_NAME = Hunch;
			};
			name = Debug;
		};
		9A6C74886FFAEEE6E23C82EA /* Release */ = {
			isa = XCBuildConfiguration;
			buildSettings = {
				BUNDLE_LOADER = "$(TEST_HOST)";
				GENERATE_INFOPLIST_FILE = YES;
				LD_RUNPATH_SEARCH_PATHS = (
					"$(inherited)",
					"@executable_path/Frameworks",
					"@loader_path/Frameworks",
				);
				PRODUCT_BUNDLE_IDENTIFIER = com.joeedelman.console.uitests;
				SDKROOT = iphoneos;
				TARGETED_DEVICE_FAMILY = "1,2";
				TEST_TARGET_NAME = Hunch;
			};
			name = Release;
		};
		D98AA91DA661DF92CA87D44A /* Release */ = {
			isa = XCBuildConfiguration;
			buildSettings = {
				ASSETCATALOG_COMPILER_APPICON_NAME = AppIcon;
				"CODE_SIGN_ENTITLEMENTS[sdk=macosx*]" = App/Hunch.entitlements;
				CODE_SIGN_IDENTITY = "iPhone Developer";
				ENABLE_HARDENED_RUNTIME = YES;
				ENABLE_USER_SCRIPT_SANDBOXING = NO;
				GENERATE_INFOPLIST_FILE = NO;
				INFOPLIST_FILE = App/Info.plist;
				LD_RUNPATH_SEARCH_PATHS = (
					"$(inherited)",
					"@executable_path/Frameworks",
				);
				PRODUCT_BUNDLE_IDENTIFIER = com.joeedelman.console;
				SDKROOT = auto;
				SUPPORTED_PLATFORMS = "iphoneos iphonesimulator macosx";
				SUPPORTS_MACCATALYST = NO;
				SUPPORTS_MAC_DESIGNED_FOR_IPHONE_IPAD = NO;
				SUPPORTS_XR_DESIGNED_FOR_IPHONE_IPAD = YES;
				TARGETED_DEVICE_FAMILY = "1,2";
			};
			name = Release;
		};
		DB35A315B06478D3AB46FEAF /* Debug */ = {
			isa = XCBuildConfiguration;
			buildSettings = {
				ASSETCATALOG_COMPILER_APPICON_NAME = AppIcon;
				"CODE_SIGN_ENTITLEMENTS[sdk=macosx*]" = App/Hunch.entitlements;
				CODE_SIGN_IDENTITY = "iPhone Developer";
				ENABLE_HARDENED_RUNTIME = YES;
				ENABLE_USER_SCRIPT_SANDBOXING = NO;
				GENERATE_INFOPLIST_FILE = NO;
				INFOPLIST_FILE = App/Info.plist;
				LD_RUNPATH_SEARCH_PATHS = (
					"$(inherited)",
					"@executable_path/Frameworks",
				);
				PRODUCT_BUNDLE_IDENTIFIER = com.joeedelman.console;
				SDKROOT = auto;
				SUPPORTED_PLATFORMS = "iphoneos iphonesimulator macosx";
				SUPPORTS_MACCATALYST = NO;
				SUPPORTS_MAC_DESIGNED_FOR_IPHONE_IPAD = NO;
				SUPPORTS_XR_DESIGNED_FOR_IPHONE_IPAD = YES;
				TARGETED_DEVICE_FAMILY = "1,2";
			};
			name = Debug;
		};
/* End XCBuildConfiguration section */

/* Begin XCConfigurationList section */
		5F60981101E098C42B3EFA94 /* Build configuration list for PBXNativeTarget "Hunch" */ = {
			isa = XCConfigurationList;
			buildConfigurations = (
				DB35A315B06478D3AB46FEAF /* Debug */,
				D98AA91DA661DF92CA87D44A /* Release */,
			);
			defaultConfigurationIsVisible = 0;
			defaultConfigurationName = Debug;
		};
		C33193AB62C20E99F0F43AED /* Build configuration list for PBXNativeTarget "HunchUITests" */ = {
			isa = XCConfigurationList;
			buildConfigurations = (
				5A0B19B5243438DBD1D95155 /* Debug */,
				9A6C74886FFAEEE6E23C82EA /* Release */,
			);
			defaultConfigurationIsVisible = 0;
			defaultConfigurationName = Debug;
		};
		DF5599669CAD99CC54218125 /* Build configuration list for PBXProject "Hunch" */ = {
			isa = XCConfigurationList;
			buildConfigurations = (
				056E6F11353A2BA252E8E308 /* Debug */,
				5516B4E8474B8986F8C4E87B /* Release */,
			);
			defaultConfigurationIsVisible = 0;
			defaultConfigurationName = Debug;
		};
/* End XCConfigurationList section */

/* Begin XCLocalSwiftPackageReference section */
		114029D6BDE83A65F725A214 /* XCLocalSwiftPackageReference "Packages/UI" */ = {
			isa = XCLocalSwiftPackageReference;
			relativePath = Packages/UI;
		};
		C4FD6D01E6FA7CE0D3F46F88 /* XCLocalSwiftPackageReference "Packages/Core" */ = {
			isa = XCLocalSwiftPackageReference;
			relativePath = Packages/Core;
		};
/* End XCLocalSwiftPackageReference section */

/* Begin XCSwiftPackageProductDependency section */
		545E46165FC5B96E32F8FE8E /* UI */ = {
			isa = XCSwiftPackageProductDependency;
			productName = UI;
		};
		589E44CBD4B5B677C9566C0F /* Core */ = {
			isa = XCSwiftPackageProductDependency;
			productName = Core;
		};
/* End XCSwiftPackageProductDependency section */
	};
	rootObject = 6E04D18B906E13340AE2F265 /* Project object */;
}
