// !$*UTF8*$!
{
	archiveVersion = 1;
	classes = {
	};
	objectVersion = 77;
	objects = {

/* Begin PBXBuildFile section */
		02374C4B9ECDCBB1878877F7 /* Serializer.swift in Sources */ = {isa = PBXBuildFile; fileRef = 0B54436821E1FEDD58525D6A /* Serializer.swift */; };
		05EDCEDBEF4C024F981312E2 /* InterVariable.ttf in Resources */ = {isa = PBXBuildFile; fileRef = C60B591D585995CB7097A0DC /* InterVariable.ttf */; };
		08925AC1A04AD08FF0C8383B /* VoiceRecordingIntents.swift in Sources */ = {isa = PBXBuildFile; fileRef = 944CFC55C63C67A7EC1BBC58 /* VoiceRecordingIntents.swift */; };
		23117D5233A97DD99B42A62E /* Assets.xcassets in Resources */ = {isa = PBXBuildFile; fileRef = F152EE3E8A4F7205FF247D87 /* Assets.xcassets */; };
		262D29CF7CAA3118EBB12F92 /* HunchApp.swift in Sources */ = {isa = PBXBuildFile; fileRef = 4EDE9175735C2BEE33F669B6 /* HunchApp.swift */; };
		28547905A63DED065CD548A6 /* BlockFingerprint.swift in Sources */ = {isa = PBXBuildFile; fileRef = DA5CBB6C691FA29DDACC68EE /* BlockFingerprint.swift */; };
		28B96A7AB8E61A25A5E9E91D /* VoiceRecordingLaunchRequest.swift in Sources */ = {isa = PBXBuildFile; fileRef = 73FA877A12A327BB5FA77D83 /* VoiceRecordingLaunchRequest.swift */; };
		395DA08A4D540B328CCC61FB /* WorkspaceBookmark.swift in Sources */ = {isa = PBXBuildFile; fileRef = DD90CA71A2444E1CEBA8878E /* WorkspaceBookmark.swift */; };
		3AEFF62B4A43227F6DC54959 /* Workspace.swift in Sources */ = {isa = PBXBuildFile; fileRef = 183298CC2343E1CDBC8E27A9 /* Workspace.swift */; };
		3EEA45994B20513A94C2EF04 /* FontRegistration.swift in Sources */ = {isa = PBXBuildFile; fileRef = 5F377A4E9DAA12643BB2666D /* FontRegistration.swift */; };
		44D996E17F78C075A99DC5E8 /* PageListView.swift in Sources */ = {isa = PBXBuildFile; fileRef = 3379F143F549730954C4ADC0 /* PageListView.swift */; };
		4897730F17C14C6542E02D24 /* FileStore.swift in Sources */ = {isa = PBXBuildFile; fileRef = C229708C5F6859C0491DC140 /* FileStore.swift */; };
		6762AA99C0961937BC585329 /* DocumentSaveCoordinator.swift in Sources */ = {isa = PBXBuildFile; fileRef = 932642280FBA30768CBF15B0 /* DocumentSaveCoordinator.swift */; };
		7047AECA135A40E7543D2CAC /* HunchDragAndDropUITests.swift in Sources */ = {isa = PBXBuildFile; fileRef = 9221CD2529F8914B14AA5D9E /* HunchDragAndDropUITests.swift */; };
		71C3633279FDAFCA2127A43A /* BlockFingerprintTests.swift in Sources */ = {isa = PBXBuildFile; fileRef = DBE1F6088D2A2F400DBB4939 /* BlockFingerprintTests.swift */; };
		78B6222ECB4D3A86C397972F /* LostBlockRecord.swift in Sources */ = {isa = PBXBuildFile; fileRef = 4676EFE06E719A34F800F28A /* LostBlockRecord.swift */; };
		7C8E5BD992CE032FCAC3E4E9 /* Markdown in Frameworks */ = {isa = PBXBuildFile; productRef = 60D4D0042A0050D48AF58979 /* Markdown */; };
		83407D2B20E40C8CC73BB9AB /* TrashStoreTests.swift in Sources */ = {isa = PBXBuildFile; fileRef = 3D433D497F5377461A70E47E /* TrashStoreTests.swift */; };
		837AA9232876F6BCECD84571 /* TrashStore.swift in Sources */ = {isa = PBXBuildFile; fileRef = 60A0BFFABC51E84E09C99018 /* TrashStore.swift */; };
		96052357A5A3DF167EBAEFE7 /* ContentView.swift in Sources */ = {isa = PBXBuildFile; fileRef = 1D68ED38B354E02D3C714C9F /* ContentView.swift */; };
		998D86BA0C67125C47E336D7 /* FileStoreTests.swift in Sources */ = {isa = PBXBuildFile; fileRef = 0C720F60C39E316833209F75 /* FileStoreTests.swift */; };
		9A199EFB5C714918EDC33DE1 /* DocumentSaveCoordinatorTests.swift in Sources */ = {isa = PBXBuildFile; fileRef = 3231E2F91BA71E5463D5113B /* DocumentSaveCoordinatorTests.swift */; };
		A06FF8BB852C843545B1DA64 /* RoundTripTests.swift in Sources */ = {isa = PBXBuildFile; fileRef = BAC5EF536498D40451D461DD /* RoundTripTests.swift */; };
		A209C9DB2C9E2206FB82F4A8 /* RecoveryView.swift in Sources */ = {isa = PBXBuildFile; fileRef = 8C71A9C43C1D37F3712FE704 /* RecoveryView.swift */; };
		B1A49CF69A67B14CF5E4F626 /* RecoveryStoreTests.swift in Sources */ = {isa = PBXBuildFile; fileRef = 2547E4BEE1F99FB5B4C5B7A3 /* RecoveryStoreTests.swift */; };
		B5A0AB4A5C7034220FF27A8E /* RecoveryStore.swift in Sources */ = {isa = PBXBuildFile; fileRef = 37005F9D9DFE5C4937857CC4 /* RecoveryStore.swift */; };
		B707766C87877E8831F13530 /* Editor in Frameworks */ = {isa = PBXBuildFile; productRef = A20B9674903EEF8DEF6BB8DB /* Editor */; };
		B9C0F5B23624666A4F6811BA /* Parser.swift in Sources */ = {isa = PBXBuildFile; fileRef = D9431474DE73683284C737B7 /* Parser.swift */; };
		C8DC2CA143C6DAABBBE43AB2 /* WorkspaceBookmarkTests.swift in Sources */ = {isa = PBXBuildFile; fileRef = E0D5BC6AC3A24FE2C74A0EC1 /* WorkspaceBookmarkTests.swift */; };
		D474865E25285B0A3054E20C /* Editor in Frameworks */ = {isa = PBXBuildFile; productRef = 958167F9196AF3C05B22D091 /* Editor */; };
		FC2E031962A8B9A4060D90EA /* HunchEditScrollUITests.swift in Sources */ = {isa = PBXBuildFile; fileRef = 7BF8364C13DB45F36866FE4A /* HunchEditScrollUITests.swift */; };
/* End PBXBuildFile section */

/* Begin PBXContainerItemProxy section */
		0EDDB2F84AB10F6519CA2938 /* PBXContainerItemProxy */ = {
			isa = PBXContainerItemProxy;
			containerPortal = 6E04D18B906E13340AE2F265 /* Project object */;
			proxyType = 1;
			remoteGlobalIDString = EA439CA94C2462C384578168;
			remoteInfo = Hunch;
		};
		23CC04ABB28D9D1316D921C1 /* PBXContainerItemProxy */ = {
			isa = PBXContainerItemProxy;
			containerPortal = 6E04D18B906E13340AE2F265 /* Project object */;
			proxyType = 1;
			remoteGlobalIDString = EA439CA94C2462C384578168;
			remoteInfo = Hunch;
		};
/* End PBXContainerItemProxy section */

/* Begin PBXFileReference section */
		0B54436821E1FEDD58525D6A /* Serializer.swift */ = {isa = PBXFileReference; lastKnownFileType = sourcecode.swift; path = Serializer.swift; sourceTree = "<group>"; };
		0C720F60C39E316833209F75 /* FileStoreTests.swift */ = {isa = PBXFileReference; lastKnownFileType = sourcecode.swift; path = FileStoreTests.swift; sourceTree = "<group>"; };
		183298CC2343E1CDBC8E27A9 /* Workspace.swift */ = {isa = PBXFileReference; lastKnownFileType = sourcecode.swift; path = Workspace.swift; sourceTree = "<group>"; };
		1A36F3EF17F37B4CA8209B53 /* HunchUnitTests.xctest */ = {isa = PBXFileReference; explicitFileType = wrapper.cfbundle; includeInIndex = 0; path = HunchUnitTests.xctest; sourceTree = BUILT_PRODUCTS_DIR; };
		1D68ED38B354E02D3C714C9F /* ContentView.swift */ = {isa = PBXFileReference; lastKnownFileType = sourcecode.swift; path = ContentView.swift; sourceTree = "<group>"; };
		2547E4BEE1F99FB5B4C5B7A3 /* RecoveryStoreTests.swift */ = {isa = PBXFileReference; lastKnownFileType = sourcecode.swift; path = RecoveryStoreTests.swift; sourceTree = "<group>"; };
		3231E2F91BA71E5463D5113B /* DocumentSaveCoordinatorTests.swift */ = {isa = PBXFileReference; lastKnownFileType = sourcecode.swift; path = DocumentSaveCoordinatorTests.swift; sourceTree = "<group>"; };
		3379F143F549730954C4ADC0 /* PageListView.swift */ = {isa = PBXFileReference; lastKnownFileType = sourcecode.swift; path = PageListView.swift; sourceTree = "<group>"; };
		37005F9D9DFE5C4937857CC4 /* RecoveryStore.swift */ = {isa = PBXFileReference; lastKnownFileType = sourcecode.swift; path = RecoveryStore.swift; sourceTree = "<group>"; };
		3D433D497F5377461A70E47E /* TrashStoreTests.swift */ = {isa = PBXFileReference; lastKnownFileType = sourcecode.swift; path = TrashStoreTests.swift; sourceTree = "<group>"; };
		4676EFE06E719A34F800F28A /* LostBlockRecord.swift */ = {isa = PBXFileReference; lastKnownFileType = sourcecode.swift; path = LostBlockRecord.swift; sourceTree = "<group>"; };
		4EDE9175735C2BEE33F669B6 /* HunchApp.swift */ = {isa = PBXFileReference; lastKnownFileType = sourcecode.swift; path = HunchApp.swift; sourceTree = "<group>"; };
		5F377A4E9DAA12643BB2666D /* FontRegistration.swift */ = {isa = PBXFileReference; lastKnownFileType = sourcecode.swift; path = FontRegistration.swift; sourceTree = "<group>"; };
		60A0BFFABC51E84E09C99018 /* TrashStore.swift */ = {isa = PBXFileReference; lastKnownFileType = sourcecode.swift; path = TrashStore.swift; sourceTree = "<group>"; };
		73FA877A12A327BB5FA77D83 /* VoiceRecordingLaunchRequest.swift */ = {isa = PBXFileReference; lastKnownFileType = sourcecode.swift; path = VoiceRecordingLaunchRequest.swift; sourceTree = "<group>"; };
		7BF8364C13DB45F36866FE4A /* HunchEditScrollUITests.swift */ = {isa = PBXFileReference; lastKnownFileType = sourcecode.swift; path = HunchEditScrollUITests.swift; sourceTree = "<group>"; };
		8C71A9C43C1D37F3712FE704 /* RecoveryView.swift */ = {isa = PBXFileReference; lastKnownFileType = sourcecode.swift; path = RecoveryView.swift; sourceTree = "<group>"; };
		9221CD2529F8914B14AA5D9E /* HunchDragAndDropUITests.swift */ = {isa = PBXFileReference; lastKnownFileType = sourcecode.swift; path = HunchDragAndDropUITests.swift; sourceTree = "<group>"; };
		932642280FBA30768CBF15B0 /* DocumentSaveCoordinator.swift */ = {isa = PBXFileReference; lastKnownFileType = sourcecode.swift; path = DocumentSaveCoordinator.swift; sourceTree = "<group>"; };
		944CFC55C63C67A7EC1BBC58 /* VoiceRecordingIntents.swift */ = {isa = PBXFileReference; lastKnownFileType = sourcecode.swift; path = VoiceRecordingIntents.swift; sourceTree = "<group>"; };
		9D5DCC509F521050F7038C36 /* Editor */ = {isa = PBXFileReference; lastKnownFileType = folder; name = Editor; path = Packages/Editor; sourceTree = SOURCE_ROOT; };
		BAC5EF536498D40451D461DD /* RoundTripTests.swift */ = {isa = PBXFileReference; lastKnownFileType = sourcecode.swift; path = RoundTripTests.swift; sourceTree = "<group>"; };
		C229708C5F6859C0491DC140 /* FileStore.swift */ = {isa = PBXFileReference; lastKnownFileType = sourcecode.swift; path = FileStore.swift; sourceTree = "<group>"; };
		C60B591D585995CB7097A0DC /* InterVariable.ttf */ = {isa = PBXFileReference; lastKnownFileType = file; path = InterVariable.ttf; sourceTree = "<group>"; };
		CAD5ADE397DACEA1B4A26BE8 /* Hunch.app */ = {isa = PBXFileReference; includeInIndex = 0; lastKnownFileType = wrapper.application; path = Hunch.app; sourceTree = BUILT_PRODUCTS_DIR; };
		D9431474DE73683284C737B7 /* Parser.swift */ = {isa = PBXFileReference; lastKnownFileType = sourcecode.swift; path = Parser.swift; sourceTree = "<group>"; };
		D954BA2A1FAF2CB0B575371F /* HunchUITests.xctest */ = {isa = PBXFileReference; includeInIndex = 0; lastKnownFileType = wrapper.cfbundle; path = HunchUITests.xctest; sourceTree = BUILT_PRODUCTS_DIR; };
		DA5CBB6C691FA29DDACC68EE /* BlockFingerprint.swift */ = {isa = PBXFileReference; lastKnownFileType = sourcecode.swift; path = BlockFingerprint.swift; sourceTree = "<group>"; };
		DBE1F6088D2A2F400DBB4939 /* BlockFingerprintTests.swift */ = {isa = PBXFileReference; lastKnownFileType = sourcecode.swift; path = BlockFingerprintTests.swift; sourceTree = "<group>"; };
		DD90CA71A2444E1CEBA8878E /* WorkspaceBookmark.swift */ = {isa = PBXFileReference; lastKnownFileType = sourcecode.swift; path = WorkspaceBookmark.swift; sourceTree = "<group>"; };
		E0D5BC6AC3A24FE2C74A0EC1 /* WorkspaceBookmarkTests.swift */ = {isa = PBXFileReference; lastKnownFileType = sourcecode.swift; path = WorkspaceBookmarkTests.swift; sourceTree = "<group>"; };
		F152EE3E8A4F7205FF247D87 /* Assets.xcassets */ = {isa = PBXFileReference; lastKnownFileType = folder.assetcatalog; path = Assets.xcassets; sourceTree = "<group>"; };
/* End PBXFileReference section */

/* Begin PBXFrameworksBuildPhase section */
		530D1846BE0D38DCE03C5871 /* Frameworks */ = {
			isa = PBXFrameworksBuildPhase;
			buildActionMask = 2147483647;
			files = (
				D474865E25285B0A3054E20C /* Editor in Frameworks */,
				7C8E5BD992CE032FCAC3E4E9 /* Markdown in Frameworks */,
			);
			runOnlyForDeploymentPostprocessing = 0;
		};
		583D81ED7020015715D93C0F /* Frameworks */ = {
			isa = PBXFrameworksBuildPhase;
			buildActionMask = 2147483647;
			files = (
				B707766C87877E8831F13530 /* Editor in Frameworks */,
			);
			runOnlyForDeploymentPostprocessing = 0;
		};
/* End PBXFrameworksBuildPhase section */

/* Begin PBXGroup section */
		154CE5820956BD4B16F03FB7 /* Fonts */ = {
			isa = PBXGroup;
			children = (
				C60B591D585995CB7097A0DC /* InterVariable.ttf */,
			);
			path = Fonts;
			sourceTree = "<group>";
		};
		2EC8AA975A1550CA885671E2 /* App */ = {
			isa = PBXGroup;
			children = (
				CF7C6A9DCE6670109F8E0FD3 /* Resources */,
				DE04D8A7CF0399DB585C00F0 /* Sources */,
				87015E6C9ECD9C79B7A2B518 /* Tests */,
				BB06989CF639A9718BA05F49 /* UITests */,
			);
			path = App;
			sourceTree = "<group>";
		};
		45052CB1F3C2EF60EC156E3F /* Packages */ = {
			isa = PBXGroup;
			children = (
				9D5DCC509F521050F7038C36 /* Editor */,
			);
			path = Packages;
			sourceTree = "<group>";
		};
		573EDB9EE7E75299C1A6A1A7 /* Shell */ = {
			isa = PBXGroup;
			children = (
				3379F143F549730954C4ADC0 /* PageListView.swift */,
				8C71A9C43C1D37F3712FE704 /* RecoveryView.swift */,
			);
			path = Shell;
			sourceTree = "<group>";
		};
		7A6C0608C1C7E648318083D9 /* Storage */ = {
			isa = PBXGroup;
			children = (
				932642280FBA30768CBF15B0 /* DocumentSaveCoordinator.swift */,
				C229708C5F6859C0491DC140 /* FileStore.swift */,
				4676EFE06E719A34F800F28A /* LostBlockRecord.swift */,
				37005F9D9DFE5C4937857CC4 /* RecoveryStore.swift */,
				60A0BFFABC51E84E09C99018 /* TrashStore.swift */,
				DD90CA71A2444E1CEBA8878E /* WorkspaceBookmark.swift */,
			);
			path = Storage;
			sourceTree = "<group>";
		};
		87015E6C9ECD9C79B7A2B518 /* Tests */ = {
			isa = PBXGroup;
			children = (
				9B5C332DDDEE5B9FD6248334 /* HunchUnitTests */,
			);
			path = Tests;
			sourceTree = "<group>";
		};
		9B5C332DDDEE5B9FD6248334 /* HunchUnitTests */ = {
			isa = PBXGroup;
			children = (
				DBE1F6088D2A2F400DBB4939 /* BlockFingerprintTests.swift */,
				3231E2F91BA71E5463D5113B /* DocumentSaveCoordinatorTests.swift */,
				0C720F60C39E316833209F75 /* FileStoreTests.swift */,
				2547E4BEE1F99FB5B4C5B7A3 /* RecoveryStoreTests.swift */,
				BAC5EF536498D40451D461DD /* RoundTripTests.swift */,
				3D433D497F5377461A70E47E /* TrashStoreTests.swift */,
				E0D5BC6AC3A24FE2C74A0EC1 /* WorkspaceBookmarkTests.swift */,
			);
			path = HunchUnitTests;
			sourceTree = "<group>";
		};
		AE7FCC9B148E4A8C802B7877 /* Products */ = {
			isa = PBXGroup;
			children = (
				CAD5ADE397DACEA1B4A26BE8 /* Hunch.app */,
				D954BA2A1FAF2CB0B575371F /* HunchUITests.xctest */,
				1A36F3EF17F37B4CA8209B53 /* HunchUnitTests.xctest */,
			);
			name = Products;
			sourceTree = "<group>";
		};
		AF1CA979945882445ECFBEA1 = {
			isa = PBXGroup;
			children = (
				2EC8AA975A1550CA885671E2 /* App */,
				45052CB1F3C2EF60EC156E3F /* Packages */,
				AE7FCC9B148E4A8C802B7877 /* Products */,
			);
			sourceTree = "<group>";
		};
		BB06989CF639A9718BA05F49 /* UITests */ = {
			isa = PBXGroup;
			children = (
				9221CD2529F8914B14AA5D9E /* HunchDragAndDropUITests.swift */,
				7BF8364C13DB45F36866FE4A /* HunchEditScrollUITests.swift */,
			);
			path = UITests;
			sourceTree = "<group>";
		};
		CF7C6A9DCE6670109F8E0FD3 /* Resources */ = {
			isa = PBXGroup;
			children = (
				154CE5820956BD4B16F03FB7 /* Fonts */,
				F152EE3E8A4F7205FF247D87 /* Assets.xcassets */,
			);
			path = Resources;
			sourceTree = "<group>";
		};
		DE04D8A7CF0399DB585C00F0 /* Sources */ = {
			isa = PBXGroup;
			children = (
				F80073D9B73A3C158D017969 /* Markdown */,
				573EDB9EE7E75299C1A6A1A7 /* Shell */,
				7A6C0608C1C7E648318083D9 /* Storage */,
				1D68ED38B354E02D3C714C9F /* ContentView.swift */,
				5F377A4E9DAA12643BB2666D /* FontRegistration.swift */,
				4EDE9175735C2BEE33F669B6 /* HunchApp.swift */,
				944CFC55C63C67A7EC1BBC58 /* VoiceRecordingIntents.swift */,
				73FA877A12A327BB5FA77D83 /* VoiceRecordingLaunchRequest.swift */,
				183298CC2343E1CDBC8E27A9 /* Workspace.swift */,
			);
			path = Sources;
			sourceTree = "<group>";
		};
		F80073D9B73A3C158D017969 /* Markdown */ = {
			isa = PBXGroup;
			children = (
				DA5CBB6C691FA29DDACC68EE /* BlockFingerprint.swift */,
				D9431474DE73683284C737B7 /* Parser.swift */,
				0B54436821E1FEDD58525D6A /* Serializer.swift */,
			);
			path = Markdown;
			sourceTree = "<group>";
		};
/* End PBXGroup section */

/* Begin PBXNativeTarget section */
		2003E0B6FF71666C85143D2D /* HunchUITests */ = {
			isa = PBXNativeTarget;
			buildConfigurationList = C33193AB62C20E99F0F43AED /* Build configuration list for PBXNativeTarget "HunchUITests" */;
			buildPhases = (
				4B7980CDD49EE3BCE441D862 /* Sources */,
			);
			buildRules = (
			);
			dependencies = (
				7034BEC21E2AB75D5777E406 /* PBXTargetDependency */,
			);
			name = HunchUITests;
			packageProductDependencies = (
			);
			productName = HunchUITests;
			productReference = D954BA2A1FAF2CB0B575371F /* HunchUITests.xctest */;
			productType = "com.apple.product-type.bundle.ui-testing";
		};
		BF51CB73F34B84DAD4EBB6D4 /* HunchUnitTests */ = {
			isa = PBXNativeTarget;
			buildConfigurationList = 680CB3D6942428F934A12EE0 /* Build configuration list for PBXNativeTarget "HunchUnitTests" */;
			buildPhases = (
				6AC9848EC43B3ECB77000248 /* Sources */,
				583D81ED7020015715D93C0F /* Frameworks */,
			);
			buildRules = (
			);
			dependencies = (
				A6191A9BBCB19601F9E6A79D /* PBXTargetDependency */,
			);
			name = HunchUnitTests;
			packageProductDependencies = (
				A20B9674903EEF8DEF6BB8DB /* Editor */,
			);
			productName = HunchUnitTests;
			productReference = 1A36F3EF17F37B4CA8209B53 /* HunchUnitTests.xctest */;
			productType = "com.apple.product-type.bundle.unit-test";
		};
		EA439CA94C2462C384578168 /* Hunch */ = {
			isa = PBXNativeTarget;
			buildConfigurationList = 5F60981101E098C42B3EFA94 /* Build configuration list for PBXNativeTarget "Hunch" */;
			buildPhases = (
				16D06E0363CF8C7A41B239BC /* Sources */,
				E1C28282EEFE992C2DF070AB /* Resources */,
				530D1846BE0D38DCE03C5871 /* Frameworks */,
				FDC2C39F8C58DADC5BDE2C1C /* Install to ~/Applications (macOS only) */,
			);
			buildRules = (
			);
			dependencies = (
			);
			name = Hunch;
			packageProductDependencies = (
				958167F9196AF3C05B22D091 /* Editor */,
				60D4D0042A0050D48AF58979 /* Markdown */,
			);
			productName = Hunch;
			productReference = CAD5ADE397DACEA1B4A26BE8 /* Hunch.app */;
			productType = "com.apple.product-type.application";
		};
/* End PBXNativeTarget section */

/* Begin PBXProject section */
		6E04D18B906E13340AE2F265 /* Project object */ = {
			isa = PBXProject;
			attributes = {
				BuildIndependentTargetsInParallel = YES;
				LastUpgradeCheck = 1430;
				TargetAttributes = {
					2003E0B6FF71666C85143D2D = {
						DevelopmentTeam = B7P78ULCXS;
						ProvisioningStyle = Automatic;
						TestTargetID = EA439CA94C2462C384578168;
					};
					BF51CB73F34B84DAD4EBB6D4 = {
						DevelopmentTeam = B7P78ULCXS;
						ProvisioningStyle = Automatic;
					};
					EA439CA94C2462C384578168 = {
						DevelopmentTeam = B7P78ULCXS;
						ProvisioningStyle = Automatic;
					};
				};
			};
			buildConfigurationList = DF5599669CAD99CC54218125 /* Build configuration list for PBXProject "Hunch" */;
			developmentRegion = en;
			hasScannedForEncodings = 0;
			knownRegions = (
				Base,
				en,
			);
			mainGroup = AF1CA979945882445ECFBEA1;
			minimizedProjectReferenceProxies = 1;
			packageReferences = (
				60E69A3442B3A4A214239625 /* XCRemoteSwiftPackageReference "swift-markdown" */,
				B389E0E218E1F8838D7695E2 /* XCLocalSwiftPackageReference "Packages/Editor" */,
			);
			preferredProjectObjectVersion = 77;
			productRefGroup = AE7FCC9B148E4A8C802B7877 /* Products */;
			projectDirPath = "";
			projectRoot = "";
			targets = (
				EA439CA94C2462C384578168 /* Hunch */,
				2003E0B6FF71666C85143D2D /* HunchUITests */,
				BF51CB73F34B84DAD4EBB6D4 /* HunchUnitTests */,
			);
		};
/* End PBXProject section */

/* Begin PBXResourcesBuildPhase section */
		E1C28282EEFE992C2DF070AB /* Resources */ = {
			isa = PBXResourcesBuildPhase;
			buildActionMask = 2147483647;
			files = (
				23117D5233A97DD99B42A62E /* Assets.xcassets in Resources */,
				05EDCEDBEF4C024F981312E2 /* InterVariable.ttf in Resources */,
			);
			runOnlyForDeploymentPostprocessing = 0;
		};
/* End PBXResourcesBuildPhase section */

/* Begin PBXShellScriptBuildPhase section */
		FDC2C39F8C58DADC5BDE2C1C /* Install to ~/Applications (macOS only) */ = {
			isa = PBXShellScriptBuildPhase;
			alwaysOutOfDate = 1;
			buildActionMask = 2147483647;
			files = (
			);
			inputFileListPaths = (
			);
			inputPaths = (
			);
			name = "Install to ~/Applications (macOS only)";
			outputFileListPaths = (
			);
			outputPaths = (
			);
			runOnlyForDeploymentPostprocessing = 0;
			shellPath = /bin/sh;
			shellScript = "if [ \"$PLATFORM_NAME\" != \"macosx\" ]; then\n    exit 0\nfi\nDEST=\"$HOME/Applications/Hunch.app\"\nmkdir -p \"$HOME/Applications\"\nrm -rf \"$DEST\"\ncp -R \"$BUILT_PRODUCTS_DIR/$PRODUCT_NAME.app\" \"$DEST\"\ncodesign --force --sign - --deep \"$DEST\" >/dev/null 2>&1 || true\n";
		};
/* End PBXShellScriptBuildPhase section */

/* Begin PBXSourcesBuildPhase section */
		16D06E0363CF8C7A41B239BC /* Sources */ = {
			isa = PBXSourcesBuildPhase;
			buildActionMask = 2147483647;
			files = (
				28547905A63DED065CD548A6 /* BlockFingerprint.swift in Sources */,
				96052357A5A3DF167EBAEFE7 /* ContentView.swift in Sources */,
				6762AA99C0961937BC585329 /* DocumentSaveCoordinator.swift in Sources */,
				4897730F17C14C6542E02D24 /* FileStore.swift in Sources */,
				3EEA45994B20513A94C2EF04 /* FontRegistration.swift in Sources */,
				262D29CF7CAA3118EBB12F92 /* HunchApp.swift in Sources */,
				78B6222ECB4D3A86C397972F /* LostBlockRecord.swift in Sources */,
				44D996E17F78C075A99DC5E8 /* PageListView.swift in Sources */,
				B9C0F5B23624666A4F6811BA /* Parser.swift in Sources */,
				B5A0AB4A5C7034220FF27A8E /* RecoveryStore.swift in Sources */,
				A209C9DB2C9E2206FB82F4A8 /* RecoveryView.swift in Sources */,
				02374C4B9ECDCBB1878877F7 /* Serializer.swift in Sources */,
				837AA9232876F6BCECD84571 /* TrashStore.swift in Sources */,
				08925AC1A04AD08FF0C8383B /* VoiceRecordingIntents.swift in Sources */,
				28B96A7AB8E61A25A5E9E91D /* VoiceRecordingLaunchRequest.swift in Sources */,
				3AEFF62B4A43227F6DC54959 /* Workspace.swift in Sources */,
				395DA08A4D540B328CCC61FB /* WorkspaceBookmark.swift in Sources */,
			);
			runOnlyForDeploymentPostprocessing = 0;
		};
		4B7980CDD49EE3BCE441D862 /* Sources */ = {
			isa = PBXSourcesBuildPhase;
			buildActionMask = 2147483647;
			files = (
				7047AECA135A40E7543D2CAC /* HunchDragAndDropUITests.swift in Sources */,
				FC2E031962A8B9A4060D90EA /* HunchEditScrollUITests.swift in Sources */,
			);
			runOnlyForDeploymentPostprocessing = 0;
		};
		6AC9848EC43B3ECB77000248 /* Sources */ = {
			isa = PBXSourcesBuildPhase;
			buildActionMask = 2147483647;
			files = (
				71C3633279FDAFCA2127A43A /* BlockFingerprintTests.swift in Sources */,
				9A199EFB5C714918EDC33DE1 /* DocumentSaveCoordinatorTests.swift in Sources */,
				998D86BA0C67125C47E336D7 /* FileStoreTests.swift in Sources */,
				B1A49CF69A67B14CF5E4F626 /* RecoveryStoreTests.swift in Sources */,
				A06FF8BB852C843545B1DA64 /* RoundTripTests.swift in Sources */,
				83407D2B20E40C8CC73BB9AB /* TrashStoreTests.swift in Sources */,
				C8DC2CA143C6DAABBBE43AB2 /* WorkspaceBookmarkTests.swift in Sources */,
			);
			runOnlyForDeploymentPostprocessing = 0;
		};
/* End PBXSourcesBuildPhase section */

/* Begin PBXTargetDependency section */
		7034BEC21E2AB75D5777E406 /* PBXTargetDependency */ = {
			isa = PBXTargetDependency;
			target = EA439CA94C2462C384578168 /* Hunch */;
			targetProxy = 0EDDB2F84AB10F6519CA2938 /* PBXContainerItemProxy */;
		};
		A6191A9BBCB19601F9E6A79D /* PBXTargetDependency */ = {
			isa = PBXTargetDependency;
			target = EA439CA94C2462C384578168 /* Hunch */;
			targetProxy = 23CC04ABB28D9D1316D921C1 /* PBXContainerItemProxy */;
		};
/* End PBXTargetDependency section */

/* Begin XCBuildConfiguration section */
		056E6F11353A2BA252E8E308 /* Debug */ = {
			isa = XCBuildConfiguration;
			buildSettings = {
				ALWAYS_SEARCH_USER_PATHS = NO;
				CLANG_ANALYZER_NONNULL = YES;
				CLANG_ANALYZER_NUMBER_OBJECT_CONVERSION = YES_AGGRESSIVE;
				CLANG_CXX_LANGUAGE_STANDARD = "gnu++14";
				CLANG_CXX_LIBRARY = "libc++";
				CLANG_ENABLE_MODULES = YES;
				CLANG_ENABLE_OBJC_ARC = YES;
				CLANG_ENABLE_OBJC_WEAK = YES;
				CLANG_WARN_BLOCK_CAPTURE_AUTORELEASING = YES;
				CLANG_WARN_BOOL_CONVERSION = YES;
				CLANG_WARN_COMMA = YES;
				CLANG_WARN_CONSTANT_CONVERSION = YES;
				CLANG_WARN_DEPRECATED_OBJC_IMPLEMENTATIONS = YES;
				CLANG_WARN_DIRECT_OBJC_ISA_USAGE = YES_ERROR;
				CLANG_WARN_DOCUMENTATION_COMMENTS = YES;
				CLANG_WARN_EMPTY_BODY = YES;
				CLANG_WARN_ENUM_CONVERSION = YES;
				CLANG_WARN_INFINITE_RECURSION = YES;
				CLANG_WARN_INT_CONVERSION = YES;
				CLANG_WARN_NON_LITERAL_NULL_CONVERSION = YES;
				CLANG_WARN_OBJC_IMPLICIT_RETAIN_SELF = YES;
				CLANG_WARN_OBJC_LITERAL_CONVERSION = YES;
				CLANG_WARN_OBJC_ROOT_CLASS = YES_ERROR;
				CLANG_WARN_QUOTED_INCLUDE_IN_FRAMEWORK_HEADER = YES;
				CLANG_WARN_RANGE_LOOP_ANALYSIS = YES;
				CLANG_WARN_STRICT_PROTOTYPES = YES;
				CLANG_WARN_SUSPICIOUS_MOVE = YES;
				CLANG_WARN_UNGUARDED_AVAILABILITY = YES_AGGRESSIVE;
				CLANG_WARN_UNREACHABLE_CODE = YES;
				CLANG_WARN__DUPLICATE_METHOD_MATCH = YES;
				CODE_SIGNING_ALLOWED = YES;
				CODE_SIGNING_REQUIRED = YES;
				CODE_SIGN_IDENTITY = "Apple Development";
				CODE_SIGN_STYLE = Automatic;
				COPY_PHASE_STRIP = NO;
				DEBUG_INFORMATION_FORMAT = dwarf;
				DEVELOPMENT_TEAM = B7P78ULCXS;
				ENABLE_STRICT_OBJC_MSGSEND = YES;
				ENABLE_TESTABILITY = YES;
				ENABLE_USER_SCRIPT_SANDBOXING = YES;
				GCC_C_LANGUAGE_STANDARD = gnu11;
				GCC_DYNAMIC_NO_PIC = NO;
				GCC_NO_COMMON_BLOCKS = YES;
				GCC_OPTIMIZATION_LEVEL = 0;
				GCC_PREPROCESSOR_DEFINITIONS = (
					"$(inherited)",
					"DEBUG=1",
				);
				GCC_WARN_64_TO_32_BIT_CONVERSION = YES;
				GCC_WARN_ABOUT_RETURN_TYPE = YES_ERROR;
				GCC_WARN_UNDECLARED_SELECTOR = YES;
				GCC_WARN_UNINITIALIZED_AUTOS = YES_AGGRESSIVE;
				GCC_WARN_UNUSED_FUNCTION = YES;
				GCC_WARN_UNUSED_VARIABLE = YES;
				IPHONEOS_DEPLOYMENT_TARGET = 26.0;
				MACOSX_DEPLOYMENT_TARGET = 26.0;
				MTL_ENABLE_DEBUG_INFO = INCLUDE_SOURCE;
				MTL_FAST_MATH = YES;
				ONLY_ACTIVE_ARCH = YES;
				PRODUCT_NAME = "$(TARGET_NAME)";
				SWIFT_ACTIVE_COMPILATION_CONDITIONS = DEBUG;
				SWIFT_OPTIMIZATION_LEVEL = "-Onone";
				SWIFT_STRICT_CONCURRENCY = complete;
				SWIFT_VERSION = 6.0;
			};
			name = Debug;
		};
		18935114FD9B90376C8889EE /* Release */ = {
			isa = XCBuildConfiguration;
			buildSettings = {
				BUNDLE_LOADER = "$(TEST_HOST)";
				COMBINE_HIDPI_IMAGES = YES;
				GENERATE_INFOPLIST_FILE = YES;
				LD_RUNPATH_SEARCH_PATHS = (
					"$(inherited)",
					"@executable_path/../Frameworks",
					"@loader_path/../Frameworks",
				);
				PRODUCT_BUNDLE_IDENTIFIER = com.joeedelman.console.unittests;
				SDKROOT = macosx;
				TEST_HOST = "$(BUILT_PRODUCTS_DIR)/Hunch.app/Contents/MacOS/Hunch";
			};
			name = Release;
		};
		34C88B637F41417307E27494 /* Debug */ = {
			isa = XCBuildConfiguration;
			buildSettings = {
				BUNDLE_LOADER = "$(TEST_HOST)";
				COMBINE_HIDPI_IMAGES = YES;
				GENERATE_INFOPLIST_FILE = YES;
				LD_RUNPATH_SEARCH_PATHS = (
					"$(inherited)",
					"@executable_path/../Frameworks",
					"@loader_path/../Frameworks",
				);
				PRODUCT_BUNDLE_IDENTIFIER = com.joeedelman.console.unittests;
				SDKROOT = macosx;
				TEST_HOST = "$(BUILT_PRODUCTS_DIR)/Hunch.app/Contents/MacOS/Hunch";
			};
			name = Debug;
		};
		5516B4E8474B8986F8C4E87B /* Release */ = {
			isa = XCBuildConfiguration;
			buildSettings = {
				ALWAYS_SEARCH_USER_PATHS = NO;
				CLANG_ANALYZER_NONNULL = YES;
				CLANG_ANALYZER_NUMBER_OBJECT_CONVERSION = YES_AGGRESSIVE;
				CLANG_CXX_LANGUAGE_STANDARD = "gnu++14";
				CLANG_CXX_LIBRARY = "libc++";
				CLANG_ENABLE_MODULES = YES;
				CLANG_ENABLE_OBJC_ARC = YES;
				CLANG_ENABLE_OBJC_WEAK = YES;
				CLANG_WARN_BLOCK_CAPTURE_AUTORELEASING = YES;
				CLANG_WARN_BOOL_CONVERSION = YES;
				CLANG_WARN_COMMA = YES;
				CLANG_WARN_CONSTANT_CONVERSION = YES;
				CLANG_WARN_DEPRECATED_OBJC_IMPLEMENTATIONS = YES;
				CLANG_WARN_DIRECT_OBJC_ISA_USAGE = YES_ERROR;
				CLANG_WARN_DOCUMENTATION_COMMENTS = YES;
				CLANG_WARN_EMPTY_BODY = YES;
				CLANG_WARN_ENUM_CONVERSION = YES;
				CLANG_WARN_INFINITE_RECURSION = YES;
				CLANG_WARN_INT_CONVERSION = YES;
				CLANG_WARN_NON_LITERAL_NULL_CONVERSION = YES;
				CLANG_WARN_OBJC_IMPLICIT_RETAIN_SELF = YES;
				CLANG_WARN_OBJC_LITERAL_CONVERSION = YES;
				CLANG_WARN_OBJC_ROOT_CLASS = YES_ERROR;
				CLANG_WARN_QUOTED_INCLUDE_IN_FRAMEWORK_HEADER = YES;
				CLANG_WARN_RANGE_LOOP_ANALYSIS = YES;
				CLANG_WARN_STRICT_PROTOTYPES = YES;
				CLANG_WARN_SUSPICIOUS_MOVE = YES;
				CLANG_WARN_UNGUARDED_AVAILABILITY = YES_AGGRESSIVE;
				CLANG_WARN_UNREACHABLE_CODE = YES;
				CLANG_WARN__DUPLICATE_METHOD_MATCH = YES;
				CODE_SIGNING_ALLOWED = YES;
				CODE_SIGNING_REQUIRED = YES;
				CODE_SIGN_IDENTITY = "Apple Development";
				CODE_SIGN_STYLE = Automatic;
				COPY_PHASE_STRIP = NO;
				DEBUG_INFORMATION_FORMAT = "dwarf-with-dsym";
				DEVELOPMENT_TEAM = B7P78ULCXS;
				ENABLE_NS_ASSERTIONS = NO;
				ENABLE_STRICT_OBJC_MSGSEND = YES;
				ENABLE_USER_SCRIPT_SANDBOXING = YES;
				GCC_C_LANGUAGE_STANDARD = gnu11;
				GCC_NO_COMMON_BLOCKS = YES;
				GCC_WARN_64_TO_32_BIT_CONVERSION = YES;
				GCC_WARN_ABOUT_RETURN_TYPE = YES_ERROR;
				GCC_WARN_UNDECLARED_SELECTOR = YES;
				GCC_WARN_UNINITIALIZED_AUTOS = YES_AGGRESSIVE;
				GCC_WARN_UNUSED_FUNCTION = YES;
				GCC_WARN_UNUSED_VARIABLE = YES;
				IPHONEOS_DEPLOYMENT_TARGET = 26.0;
				MACOSX_DEPLOYMENT_TARGET = 26.0;
				MTL_ENABLE_DEBUG_INFO = NO;
				MTL_FAST_MATH = YES;
				PRODUCT_NAME = "$(TARGET_NAME)";
				SWIFT_COMPILATION_MODE = wholemodule;
				SWIFT_OPTIMIZATION_LEVEL = "-O";
				SWIFT_STRICT_CONCURRENCY = complete;
				SWIFT_VERSION = 6.0;
			};
			name = Release;
		};
		5A0B19B5243438DBD1D95155 /* Debug */ = {
			isa = XCBuildConfiguration;
			buildSettings = {
				BUNDLE_LOADER = "$(TEST_HOST)";
				GENERATE_INFOPLIST_FILE = YES;
				LD_RUNPATH_SEARCH_PATHS = (
					"$(inherited)",
					"@executable_path/Frameworks",
					"@loader_path/Frameworks",
				);
				PRODUCT_BUNDLE_IDENTIFIER = com.joeedelman.console.uitests;
				SDKROOT = iphoneos;
				TARGETED_DEVICE_FAMILY = "1,2";
				TEST_TARGET_NAME = Hunch;
			};
			name = Debug;
		};
		9A6C74886FFAEEE6E23C82EA /* Release */ = {
			isa = XCBuildConfiguration;
			buildSettings = {
				BUNDLE_LOADER = "$(TEST_HOST)";
				GENERATE_INFOPLIST_FILE = YES;
				LD_RUNPATH_SEARCH_PATHS = (
					"$(inherited)",
					"@executable_path/Frameworks",
					"@loader_path/Frameworks",
				);
				PRODUCT_BUNDLE_IDENTIFIER = com.joeedelman.console.uitests;
				SDKROOT = iphoneos;
				TARGETED_DEVICE_FAMILY = "1,2";
				TEST_TARGET_NAME = Hunch;
			};
			name = Release;
		};
		D98AA91DA661DF92CA87D44A /* Release */ = {
			isa = XCBuildConfiguration;
			buildSettings = {
				ASSETCATALOG_COMPILER_APPICON_NAME = AppIcon;
				"CODE_SIGN_ENTITLEMENTS[sdk=macosx*]" = App/Hunch.entitlements;
				CODE_SIGN_IDENTITY = "iPhone Developer";
				ENABLE_HARDENED_RUNTIME = YES;
				ENABLE_USER_SCRIPT_SANDBOXING = NO;
				GENERATE_INFOPLIST_FILE = NO;
				INFOPLIST_FILE = App/Info.plist;
				LD_RUNPATH_SEARCH_PATHS = (
					"$(inherited)",
					"@executable_path/Frameworks",
				);
				PRODUCT_BUNDLE_IDENTIFIER = com.joeedelman.console;
				SDKROOT = auto;
				SUPPORTED_PLATFORMS = "iphoneos iphonesimulator macosx";
				SUPPORTS_MACCATALYST = NO;
				SUPPORTS_MAC_DESIGNED_FOR_IPHONE_IPAD = NO;
				SUPPORTS_XR_DESIGNED_FOR_IPHONE_IPAD = YES;
				TARGETED_DEVICE_FAMILY = "1,2";
			};
			name = Release;
		};
		DB35A315B06478D3AB46FEAF /* Debug */ = {
			isa = XCBuildConfiguration;
			buildSettings = {
				ASSETCATALOG_COMPILER_APPICON_NAME = AppIcon;
				"CODE_SIGN_ENTITLEMENTS[sdk=macosx*]" = App/Hunch.entitlements;
				CODE_SIGN_IDENTITY = "iPhone Developer";
				ENABLE_HARDENED_RUNTIME = YES;
				ENABLE_USER_SCRIPT_SANDBOXING = NO;
				GENERATE_INFOPLIST_FILE = NO;
				INFOPLIST_FILE = App/Info.plist;
				LD_RUNPATH_SEARCH_PATHS = (
					"$(inherited)",
					"@executable_path/Frameworks",
				);
				PRODUCT_BUNDLE_IDENTIFIER = com.joeedelman.console;
				SDKROOT = auto;
				SUPPORTED_PLATFORMS = "iphoneos iphonesimulator macosx";
				SUPPORTS_MACCATALYST = NO;
				SUPPORTS_MAC_DESIGNED_FOR_IPHONE_IPAD = NO;
				SUPPORTS_XR_DESIGNED_FOR_IPHONE_IPAD = YES;
				TARGETED_DEVICE_FAMILY = "1,2";
			};
			name = Debug;
		};
/* End XCBuildConfiguration section */

/* Begin XCConfigurationList section */
		5F60981101E098C42B3EFA94 /* Build configuration list for PBXNativeTarget "Hunch" */ = {
			isa = XCConfigurationList;
			buildConfigurations = (
				DB35A315B06478D3AB46FEAF /* Debug */,
				D98AA91DA661DF92CA87D44A /* Release */,
			);
			defaultConfigurationIsVisible = 0;
			defaultConfigurationName = Debug;
		};
		680CB3D6942428F934A12EE0 /* Build configuration list for PBXNativeTarget "HunchUnitTests" */ = {
			isa = XCConfigurationList;
			buildConfigurations = (
				34C88B637F41417307E27494 /* Debug */,
				18935114FD9B90376C8889EE /* Release */,
			);
			defaultConfigurationIsVisible = 0;
			defaultConfigurationName = Debug;
		};
		C33193AB62C20E99F0F43AED /* Build configuration list for PBXNativeTarget "HunchUITests" */ = {
			isa = XCConfigurationList;
			buildConfigurations = (
				5A0B19B5243438DBD1D95155 /* Debug */,
				9A6C74886FFAEEE6E23C82EA /* Release */,
			);
			defaultConfigurationIsVisible = 0;
			defaultConfigurationName = Debug;
		};
		DF5599669CAD99CC54218125 /* Build configuration list for PBXProject "Hunch" */ = {
			isa = XCConfigurationList;
			buildConfigurations = (
				056E6F11353A2BA252E8E308 /* Debug */,
				5516B4E8474B8986F8C4E87B /* Release */,
			);
			defaultConfigurationIsVisible = 0;
			defaultConfigurationName = Debug;
		};
/* End XCConfigurationList section */

/* Begin XCLocalSwiftPackageReference section */
		B389E0E218E1F8838D7695E2 /* XCLocalSwiftPackageReference "Packages/Editor" */ = {
			isa = XCLocalSwiftPackageReference;
			relativePath = Packages/Editor;
		};
/* End XCLocalSwiftPackageReference section */

/* Begin XCRemoteSwiftPackageReference section */
		60E69A3442B3A4A214239625 /* XCRemoteSwiftPackageReference "swift-markdown" */ = {
			isa = XCRemoteSwiftPackageReference;
			repositoryURL = "https://github.com/swiftlang/swift-markdown.git";
			requirement = {
				branch = main;
				kind = branch;
			};
		};
/* End XCRemoteSwiftPackageReference section */

/* Begin XCSwiftPackageProductDependency section */
		60D4D0042A0050D48AF58979 /* Markdown */ = {
			isa = XCSwiftPackageProductDependency;
			package = 60E69A3442B3A4A214239625 /* XCRemoteSwiftPackageReference "swift-markdown" */;
			productName = Markdown;
		};
		958167F9196AF3C05B22D091 /* Editor */ = {
			isa = XCSwiftPackageProductDependency;
			productName = Editor;
		};
		A20B9674903EEF8DEF6BB8DB /* Editor */ = {
			isa = XCSwiftPackageProductDependency;
			productName = Editor;
		};
/* End XCSwiftPackageProductDependency section */
	};
	rootObject = 6E04D18B906E13340AE2F265 /* Project object */;
}
